// !$*UTF8*$!
{
	archiveVersion = 1;
	classes = {
	};
	objectVersion = 50;
	objects = {

/* Begin PBXBuildFile section */
		DC3F465A223F1B2300877556 /* AppDelegate.swift in Sources */ = {isa = PBXBuildFile; fileRef = DC3F4659223F1B2300877556 /* AppDelegate.swift */; };
		DC3F465C223F1B2300877556 /* ViewController.swift in Sources */ = {isa = PBXBuildFile; fileRef = DC3F465B223F1B2300877556 /* ViewController.swift */; };
		DC3F465F223F1B2300877556 /* Main.storyboard in Resources */ = {isa = PBXBuildFile; fileRef = DC3F465D223F1B2300877556 /* Main.storyboard */; };
		DC3F4661223F1B2500877556 /* Assets.xcassets in Resources */ = {isa = PBXBuildFile; fileRef = DC3F4660223F1B2500877556 /* Assets.xcassets */; };
		DC3F4664223F1B2500877556 /* LaunchScreen.storyboard in Resources */ = {isa = PBXBuildFile; fileRef = DC3F4662223F1B2500877556 /* LaunchScreen.storyboard */; };
		DC3F466E223F1B5F00877556 /* UIView+SmoothCorners.m in Sources */ = {isa = PBXBuildFile; fileRef = DC3F466C223F1B5F00877556 /* UIView+SmoothCorners.m */; };
/* End PBXBuildFile section */

/* Begin PBXFileReference section */
		DC3F4656223F1B2300877556 /* SmoothCorners.app */ = {isa = PBXFileReference; explicitFileType = wrapper.application; includeInIndex = 0; path = SmoothCorners.app; sourceTree = BUILT_PRODUCTS_DIR; };
		DC3F4659223F1B2300877556 /* AppDelegate.swift */ = {isa = PBXFileReference; lastKnownFileType = sourcecode.swift; path = AppDelegate.swift; sourceTree = "<group>"; };
		DC3F465B223F1B2300877556 /* ViewController.swift */ = {isa = PBXFileReference; lastKnownFileType = sourcecode.swift; path = ViewController.swift; sourceTree = "<group>"; };
		DC3F465E223F1B2300877556 /* Base */ = {isa = PBXFileReference; lastKnownFileType = file.storyboard; name = Base; path = Base.lproj/Main.storyboard; sourceTree = "<group>"; };
		DC3F4660223F1B2500877556 /* Assets.xcassets */ = {isa = PBXFileReference; lastKnownFileType = folder.assetcatalog; path = Assets.xcassets; sourceTree = "<group>"; };
		DC3F4663223F1B2500877556 /* Base */ = {isa = PBXFileReference; lastKnownFileType = file.storyboard; name = Base; path = Base.lproj/LaunchScreen.storyboard; sourceTree = "<group>"; };
		DC3F4665223F1B2500877556 /* Info.plist */ = {isa = PBXFileReference; lastKnownFileType = text.plist.xml; path = Info.plist; sourceTree = "<group>"; };
		DC3F466B223F1B5E00877556 /* SmoothCorners-Bridging-Header.h */ = {isa = PBXFileReference; lastKnownFileType = sourcecode.c.h; path = "SmoothCorners-Bridging-Header.h"; sourceTree = "<group>"; };
		DC3F466C223F1B5F00877556 /* UIView+SmoothCorners.m */ = {isa = PBXFileReference; fileEncoding = 4; lastKnownFileType = sourcecode.c.objc; name = "UIView+SmoothCorners.m"; path = "../../UIView+SmoothCorners.m"; sourceTree = "<group>"; };
		DC3F466D223F1B5F00877556 /* UIView+SmoothCorners.h */ = {isa = PBXFileReference; fileEncoding = 4; lastKnownFileType = sourcecode.c.h; name = "UIView+SmoothCorners.h"; path = "../../UIView+SmoothCorners.h"; sourceTree = "<group>"; };
/* End PBXFileReference section */

/* Begin PBXFrameworksBuildPhase section */
		DC3F4653223F1B2300877556 /* Frameworks */ = {
			isa = PBXFrameworksBuildPhase;
			buildActionMask = 2147483647;
			files = (
			);
			runOnlyForDeploymentPostprocessing = 0;
		};
/* End PBXFrameworksBuildPhase section */

/* Begin PBXGroup section */
		DC3F464D223F1B2300877556 = {
			isa = PBXGroup;
			children = (
				DC3F4658223F1B2300877556 /* SmoothCorners */,
				DC3F4657223F1B2300877556 /* Products */,
			);
			sourceTree = "<group>";
		};
		DC3F4657223F1B2300877556 /* Products */ = {
			isa = PBXGroup;
			children = (
				DC3F4656223F1B2300877556 /* SmoothCorners.app */,
			);
			name = Products;
			sourceTree = "<group>";
		};
		DC3F4658223F1B2300877556 /* SmoothCorners */ = {
			isa = PBXGroup;
			children = (
				DC3F4659223F1B2300877556 /* AppDelegate.swift */,
				DC3F465B223F1B2300877556 /* ViewController.swift */,
				DC3F465D223F1B2300877556 /* Main.storyboard */,
				DC3F466D223F1B5F00877556 /* UIView+SmoothCorners.h */,
				DC3F466C223F1B5F00877556 /* UIView+SmoothCorners.m */,
				DC3F4660223F1B2500877556 /* Assets.xcassets */,
				DC3F4662223F1B2500877556 /* LaunchScreen.storyboard */,
				DC3F4665223F1B2500877556 /* Info.plist */,
				DC3F466B223F1B5E00877556 /* SmoothCorners-Bridging-Header.h */,
			);
			path = SmoothCorners;
			sourceTree = "<group>";
		};
/* End PBXGroup section */

/* Begin PBXNativeTarget section */
		DC3F4655223F1B2300877556 /* SmoothCorners */ = {
			isa = PBXNativeTarget;
			buildConfigurationList = DC3F4668223F1B2500877556 /* Build configuration list for PBXNativeTarget "SmoothCorners" */;
			buildPhases = (
				DC3F4652223F1B2300877556 /* Sources */,
				DC3F4653223F1B2300877556 /* Frameworks */,
				DC3F4654223F1B2300877556 /* Resources */,
			);
			buildRules = (
			);
			dependencies = (
			);
			name = SmoothCorners;
			productName = SmoothCorners;
			productReference = DC3F4656223F1B2300877556 /* SmoothCorners.app */;
			productType = "com.apple.product-type.application";
		};
/* End PBXNativeTarget section */

/* Begin PBXProject section */
		DC3F464E223F1B2300877556 /* Project object */ = {
			isa = PBXProject;
			attributes = {
				LastSwiftUpdateCheck = 1020;
				LastUpgradeCheck = 1020;
				ORGANIZATIONNAME = "Felix Lapalme";
				TargetAttributes = {
					DC3F4655223F1B2300877556 = {
						CreatedOnToolsVersion = 10.2;
						LastSwiftMigration = 1020;
					};
				};
			};
			buildConfigurationList = DC3F4651223F1B2300877556 /* Build configuration list for PBXProject "SmoothCorners" */;
			compatibilityVersion = "Xcode 9.3";
			developmentRegion = en;
			hasScannedForEncodings = 0;
			knownRegions = (
				en,
				Base,
			);
			mainGroup = DC3F464D223F1B2300877556;
			productRefGroup = DC3F4657223F1B2300877556 /* Products */;
			projectDirPath = "";
			projectRoot = "";
			targets = (
				DC3F4655223F1B2300877556 /* SmoothCorners */,
			);
		};
/* End PBXProject section */

/* Begin PBXResourcesBuildPhase section */
		DC3F4654223F1B2300877556 /* Resources */ = {
			isa = PBXResourcesBuildPhase;
			buildActionMask = 2147483647;
			files = (
				DC3F4664223F1B2500877556 /* LaunchScreen.storyboard in Resources */,
				DC3F4661223F1B2500877556 /* Assets.xcassets in Resources */,
				DC3F465F223F1B2300877556 /* Main.storyboard in Resources */,
			);
			runOnlyForDeploymentPostprocessing = 0;
		};
/* End PBXResourcesBuildPhase section */

/* Begin PBXSourcesBuildPhase section */
		DC3F4652223F1B2300877556 /* Sources */ = {
			isa = PBXSourcesBuildPhase;
			buildActionMask = 2147483647;
			files = (
				DC3F466E223F1B5F00877556 /* UIView+SmoothCorners.m in Sources */,
				DC3F465C223F1B2300877556 /* ViewController.swift in Sources */,
				DC3F465A223F1B2300877556 /* AppDelegate.swift in Sources */,
			);
			runOnlyForDeploymentPostprocessing = 0;
		};
/* End PBXSourcesBuildPhase section */

/* Begin PBXVariantGroup section */
		DC3F465D223F1B2300877556 /* Main.storyboard */ = {
			isa = PBXVariantGroup;
			children = (
				DC3F465E223F1B2300877556 /* Base */,
			);
			name = Main.storyboard;
			sourceTree = "<group>";
		};
		DC3F4662223F1B2500877556 /* LaunchScreen.storyboard */ = {
			isa = PBXVariantGroup;
			children = (
				DC3F4663223F1B2500877556 /* Base */,
			);
			name = LaunchScreen.storyboard;
			sourceTree = "<group>";
		};
/* End PBXVariantGroup section */

/* Begin XCBuildConfiguration section */
		DC3F4666223F1B2500877556 /* Debug */ = {
			isa = XCBuildConfiguration;
			buildSettings = {
				ALWAYS_SEARCH_USER_PATHS = NO;
				CLANG_ANALYZER_NONNULL = YES;
				CLANG_ANALYZER_NUMBER_OBJECT_CONVERSION = YES_AGGRESSIVE;
				CLANG_CXX_LANGUAGE_STANDARD = "gnu++14";
				CLANG_CXX_LIBRARY = "libc++";
				CLANG_ENABLE_MODULES = YES;
				CLANG_ENABLE_OBJC_ARC = YES;
				CLANG_ENABLE_OBJC_WEAK = YES;
				CLANG_WARN_BLOCK_CAPTURE_AUTORELEASING = YES;
				CLANG_WARN_BOOL_CONVERSION = YES;
				CLANG_WARN_COMMA = YES;
				CLANG_WARN_CONSTANT_CONVERSION = YES;
				CLANG_WARN_DEPRECATED_OBJC_IMPLEMENTATIONS = YES;
				CLANG_WARN_DIRECT_OBJC_ISA_USAGE = YES_ERROR;
				CLANG_WARN_DOCUMENTATION_COMMENTS = YES;
				CLANG_WARN_EMPTY_BODY = YES;
				CLANG_WARN_ENUM_CONVERSION = YES;
				CLANG_WARN_INFINITE_RECURSION = YES;
				CLANG_WARN_INT_CONVERSION = YES;
				CLANG_WARN_NON_LITERAL_NULL_CONVERSION = YES;
				CLANG_WARN_OBJC_IMPLICIT_RETAIN_SELF = YES;
				CLANG_WARN_OBJC_LITERAL_CONVERSION = YES;
				CLANG_WARN_OBJC_ROOT_CLASS = YES_ERROR;
				CLANG_WARN_RANGE_LOOP_ANALYSIS = YES;
				CLANG_WARN_STRICT_PROTOTYPES = YES;
				CLANG_WARN_SUSPICIOUS_MOVE = YES;
				CLANG_WARN_UNGUARDED_AVAILABILITY = YES_AGGRESSIVE;
				CLANG_WARN_UNREACHABLE_CODE = YES;
				CLANG_WARN__DUPLICATE_METHOD_MATCH = YES;
				CODE_SIGN_IDENTITY = "iPhone Developer";
				COPY_PHASE_STRIP = NO;
				DEBUG_INFORMATION_FORMAT = dwarf;
				ENABLE_STRICT_OBJC_MSGSEND = YES;
				ENABLE_TESTABILITY = YES;
				GCC_C_LANGUAGE_STANDARD = gnu11;
				GCC_DYNAMIC_NO_PIC = NO;
				GCC_NO_COMMON_BLOCKS = YES;
				GCC_OPTIMIZATION_LEVEL = 0;
				GCC_PREPROCESSOR_DEFINITIONS = (
					"DEBUG=1",
					"$(inherited)",
				);
				GCC_WARN_64_TO_32_BIT_CONVERSION = YES;
				GCC_WARN_ABOUT_RETURN_TYPE = YES_ERROR;
				GCC_WARN_UNDECLARED_SELECTOR = YES;
				GCC_WARN_UNINITIALIZED_AUTOS = YES_AGGRESSIVE;
				GCC_WARN_UNUSED_FUNCTION = YES;
				GCC_WARN_UNUSED_VARIABLE = YES;
				IPHONEOS_DEPLOYMENT_TARGET = 12.2;
				MTL_ENABLE_DEBUG_INFO = INCLUDE_SOURCE;
				MTL_FAST_MATH = YES;
				ONLY_ACTIVE_ARCH = YES;
				SDKROOT = iphoneos;
				SWIFT_ACTIVE_COMPILATION_CONDITIONS = DEBUG;
				SWIFT_OPTIMIZATION_LEVEL = "-Onone";
			};
			name = Debug;
		};
		DC3F4667223F1B2500877556 /* Release */ = {
			isa = XCBuildConfiguration;
			buildSettings = {
				ALWAYS_SEARCH_USER_PATHS = NO;
				CLANG_ANALYZER_NONNULL = YES;
				CLANG_ANALYZER_NUMBER_OBJECT_CONVERSION = YES_AGGRESSIVE;
				CLANG_CXX_LANGUAGE_STANDARD = "gnu++14";
				CLANG_CXX_LIBRARY = "libc++";
				CLANG_ENABLE_MODULES = YES;
				CLANG_ENABLE_OBJC_ARC = YES;
				CLANG_ENABLE_OBJC_WEAK = YES;
				CLANG_WARN_BLOCK_CAPTURE_AUTORELEASING = YES;
				CLANG_WARN_BOOL_CONVERSION = YES;
				CLANG_WARN_COMMA = YES;
				CLANG_WARN_CONSTANT_CONVERSION = YES;
				CLANG_WARN_DEPRECATED_OBJC_IMPLEMENTATIONS = YES;
				CLANG_WARN_DIRECT_OBJC_ISA_USAGE = YES_ERROR;
				CLANG_WARN_DOCUMENTATION_COMMENTS = YES;
				CLANG_WARN_EMPTY_BODY = YES;
				CLANG_WARN_ENUM_CONVERSION = YES;
				CLANG_WARN_INFINITE_RECURSION = YES;
				CLANG_WARN_INT_CONVERSION = YES;
				CLANG_WARN_NON_LITERAL_NULL_CONVERSION = YES;
				CLANG_WARN_OBJC_IMPLICIT_RETAIN_SELF = YES;
				CLANG_WARN_OBJC_LITERAL_CONVERSION = YES;
				CLANG_WARN_OBJC_ROOT_CLASS = YES_ERROR;
				CLANG_WARN_RANGE_LOOP_ANALYSIS = YES;
				CLANG_WARN_STRICT_PROTOTYPES = YES;
				CLANG_WARN_SUSPICIOUS_MOVE = YES;
				CLANG_WARN_UNGUARDED_AVAILABILITY = YES_AGGRESSIVE;
				CLANG_WARN_UNREACHABLE_CODE = YES;
				CLANG_WARN__DUPLICATE_METHOD_MATCH = YES;
				CODE_SIGN_IDENTITY = "iPhone Developer";
				COPY_PHASE_STRIP = NO;
				DEBUG_INFORMATION_FORMAT = "dwarf-with-dsym";
				ENABLE_NS_ASSERTIONS = NO;
				ENABLE_STRICT_OBJC_MSGSEND = YES;
				GCC_C_LANGUAGE_STANDARD = gnu11;
				GCC_NO_COMMON_BLOCKS = YES;
				GCC_WARN_64_TO_32_BIT_CONVERSION = YES;
				GCC_WARN_ABOUT_RETURN_TYPE = YES_ERROR;
				GCC_WARN_UNDECLARED_SELECTOR = YES;
				GCC_WARN_UNINITIALIZED_AUTOS = YES_AGGRESSIVE;
				GCC_WARN_UNUSED_FUNCTION = YES;
				GCC_WARN_UNUSED_VARIABLE = YES;
				IPHONEOS_DEPLOYMENT_TARGET = 12.2;
				MTL_ENABLE_DEBUG_INFO = NO;
				MTL_FAST_MATH = YES;
				SDKROOT = iphoneos;
				SWIFT_COMPILATION_MODE = wholemodule;
				SWIFT_OPTIMIZATION_LEVEL = "-O";
				VALIDATE_PRODUCT = YES;
			};
			name = Release;
		};
		DC3F4669223F1B2500877556 /* Debug */ = {
			isa = XCBuildConfiguration;
			buildSettings = {
				ASSETCATALOG_COMPILER_APPICON_NAME = AppIcon;
				CLANG_ENABLE_MODULES = YES;
				CODE_SIGN_STYLE = Automatic;
				DEVELOPMENT_TEAM = DVKB9Z8TQ2;
				INFOPLIST_FILE = SmoothCorners/Info.plist;
				LD_RUNPATH_SEARCH_PATHS = (
					"$(inherited)",
					"@executable_path/Frameworks",
				);
				PRODUCT_BUNDLE_IDENTIFIER = com.lapfelix.SmoothCorners;
				PRODUCT_NAME = "$(TARGET_NAME)";
				SWIFT_OBJC_BRIDGING_HEADER = "SmoothCorners/SmoothCorners-Bridging-Header.h";
				SWIFT_OPTIMIZATION_LEVEL = "-Onone";
				SWIFT_VERSION = 5.0;
				TARGETED_DEVICE_FAMILY = "1,2";
			};
			name = Debug;
		};
		DC3F466A223F1B2500877556 /* Release */ = {
			isa = XCBuildConfiguration;
			buildSettings = {
				ASSETCATALOG_COMPILER_APPICON_NAME = AppIcon;
				CLANG_ENABLE_MODULES = YES;
				CODE_SIGN_STYLE = Automatic;
				DEVELOPMENT_TEAM = DVKB9Z8TQ2;
				INFOPLIST_FILE = SmoothCorners/Info.plist;
				LD_RUNPATH_SEARCH_PATHS = (
					"$(inherited)",
					"@executable_path/Frameworks",
				);
				PRODUCT_BUNDLE_IDENTIFIER = com.lapfelix.SmoothCorners;
				PRODUCT_NAME = "$(TARGET_NAME)";
				SWIFT_OBJC_BRIDGING_HEADER = "SmoothCorners/SmoothCorners-Bridging-Header.h";
				SWIFT_VERSION = 5.0;
				TARGETED_DEVICE_FAMILY = "1,2";
			};
			name = Release;
		};
/* End XCBuildConfiguration section */

/* Begin XCConfigurationList section */
		DC3F4651223F1B2300877556 /* Build configuration list for PBXProject "SmoothCorners" */ = {
			isa = XCConfigurationList;
			buildConfigurations = (
				DC3F4666223F1B2500877556 /* Debug */,
				DC3F4667223F1B2500877556 /* Release */,
			);
			defaultConfigurationIsVisible = 0;
			defaultConfigurationName = Release;
		};
		DC3F4668223F1B2500877556 /* Build configuration list for PBXNativeTarget "SmoothCorners" */ = {
			isa = XCConfigurationList;
			buildConfigurations = (
				DC3F4669223F1B2500877556 /* Debug */,
				DC3F466A223F1B2500877556 /* Release */,
			);
			defaultConfigurationIsVisible = 0;
			defaultConfigurationName = Release;
		};
/* End XCConfigurationList section */
	};
	rootObject = DC3F464E223F1B2300877556 /* Project object */;
}
