// !$*UTF8*$!
{
	archiveVersion = 1;
	classes = {
	};
	objectVersion = 50;
	objects = {

/* Begin PBXBuildFile section */
		DC118279223D73CE00C46A31 /* AppDelegate.m in Sources */ = {isa = PBXBuildFile; fileRef = DC118278223D73CE00C46A31 /* AppDelegate.m */; };
		DC11827C223D73CE00C46A31 /* ViewController.m in Sources */ = {isa = PBXBuildFile; fileRef = DC11827B223D73CE00C46A31 /* ViewController.m */; };
		DC11827F223D73CE00C46A31 /* Main.storyboard in Resources */ = {isa = PBXBuildFile; fileRef = DC11827D223D73CE00C46A31 /* Main.storyboard */; };
		DC118281223D73D100C46A31 /* Assets.xcassets in Resources */ = {isa = PBXBuildFile; fileRef = DC118280223D73D100C46A31 /* Assets.xcassets */; };
		DC118284223D73D100C46A31 /* LaunchScreen.storyboard in Resources */ = {isa = PBXBuildFile; fileRef = DC118282223D73D100C46A31 /* LaunchScreen.storyboard */; };
		DC118287223D73D100C46A31 /* main.m in Sources */ = {isa = PBXBuildFile; fileRef = DC118286223D73D100C46A31 /* main.m */; };
		DC3F464C223F191400877556 /* UIView+SmoothCorners.m in Sources */ = {isa = PBXBuildFile; fileRef = DC3F464B223F191300877556 /* UIView+SmoothCorners.m */; };
		DC8F025C225058520040A8EF /* FLXSmoothView.m in Sources */ = {isa = PBXBuildFile; fileRef = DC8F025A225058520040A8EF /* FLXSmoothView.m */; };
/* End PBXBuildFile section */

/* Begin PBXFileReference section */
		DC118274223D73CE00C46A31 /* SmoothCorners.app */ = {isa = PBXFileReference; explicitFileType = wrapper.application; includeInIndex = 0; path = SmoothCorners.app; sourceTree = BUILT_PRODUCTS_DIR; };
		DC118277223D73CE00C46A31 /* AppDelegate.h */ = {isa = PBXFileReference; lastKnownFileType = sourcecode.c.h; path = AppDelegate.h; sourceTree = "<group>"; };
		DC118278223D73CE00C46A31 /* AppDelegate.m */ = {isa = PBXFileReference; lastKnownFileType = sourcecode.c.objc; path = AppDelegate.m; sourceTree = "<group>"; };
		DC11827A223D73CE00C46A31 /* ViewController.h */ = {isa = PBXFileReference; lastKnownFileType = sourcecode.c.h; path = ViewController.h; sourceTree = "<group>"; };
		DC11827B223D73CE00C46A31 /* ViewController.m */ = {isa = PBXFileReference; lastKnownFileType = sourcecode.c.objc; path = ViewController.m; sourceTree = "<group>"; };
		DC11827E223D73CE00C46A31 /* Base */ = {isa = PBXFileReference; lastKnownFileType = file.storyboard; name = Base; path = Base.lproj/Main.storyboard; sourceTree = "<group>"; };
		DC118280223D73D100C46A31 /* Assets.xcassets */ = {isa = PBXFileReference; lastKnownFileType = folder.assetcatalog; path = Assets.xcassets; sourceTree = "<group>"; };
		DC118283223D73D100C46A31 /* Base */ = {isa = PBXFileReference; lastKnownFileType = file.storyboard; name = Base; path = Base.lproj/LaunchScreen.storyboard; sourceTree = "<group>"; };
		DC118285223D73D100C46A31 /* Info.plist */ = {isa = PBXFileReference; lastKnownFileType = text.plist.xml; path = Info.plist; sourceTree = "<group>"; };
		DC118286223D73D100C46A31 /* main.m */ = {isa = PBXFileReference; lastKnownFileType = sourcecode.c.objc; path = main.m; sourceTree = "<group>"; };
		DC3F464A223F191300877556 /* UIView+SmoothCorners.h */ = {isa = PBXFileReference; fileEncoding = 4; lastKnownFileType = sourcecode.c.h; name = "UIView+SmoothCorners.h"; path = "../../UIView+SmoothCorners.h"; sourceTree = "<group>"; };
		DC3F464B223F191300877556 /* UIView+SmoothCorners.m */ = {isa = PBXFileReference; fileEncoding = 4; lastKnownFileType = sourcecode.c.objc; name = "UIView+SmoothCorners.m"; path = "../../UIView+SmoothCorners.m"; sourceTree = "<group>"; };
		DC8F025A225058520040A8EF /* FLXSmoothView.m */ = {isa = PBXFileReference; fileEncoding = 4; lastKnownFileType = sourcecode.c.objc; name = FLXSmoothView.m; path = ../../FLXSmoothView.m; sourceTree = "<group>"; };
		DC8F025B225058520040A8EF /* FLXSmoothView.h */ = {isa = PBXFileReference; fileEncoding = 4; lastKnownFileType = sourcecode.c.h; name = FLXSmoothView.h; path = ../../FLXSmoothView.h; sourceTree = "<group>"; };
/* End PBXFileReference section */

/* Begin PBXFrameworksBuildPhase section */
		DC118271223D73CE00C46A31 /* Frameworks */ = {
			isa = PBXFrameworksBuildPhase;
			buildActionMask = 2147483647;
			files = (
			);
			runOnlyForDeploymentPostprocessing = 0;
		};
/* End PBXFrameworksBuildPhase section */

/* Begin PBXGroup section */
		DC11826B223D73CD00C46A31 = {
			isa = PBXGroup;
			children = (
				DC118276223D73CE00C46A31 /* SmoothCorners */,
				DC118275223D73CE00C46A31 /* Products */,
			);
			sourceTree = "<group>";
		};
		DC118275223D73CE00C46A31 /* Products */ = {
			isa = PBXGroup;
			children = (
				DC118274223D73CE00C46A31 /* SmoothCorners.app */,
			);
			name = Products;
			sourceTree = "<group>";
		};
		DC118276223D73CE00C46A31 /* SmoothCorners */ = {
			isa = PBXGroup;
			children = (
				DC118277223D73CE00C46A31 /* AppDelegate.h */,
				DC118278223D73CE00C46A31 /* AppDelegate.m */,
				DC11827A223D73CE00C46A31 /* ViewController.h */,
				DC11827B223D73CE00C46A31 /* ViewController.m */,
				DC3F464A223F191300877556 /* UIView+SmoothCorners.h */,
				DC3F464B223F191300877556 /* UIView+SmoothCorners.m */,
				DC8F025B225058520040A8EF /* FLXSmoothView.h */,
				DC8F025A225058520040A8EF /* FLXSmoothView.m */,
				DC11827D223D73CE00C46A31 /* Main.storyboard */,
				DC118280223D73D100C46A31 /* Assets.xcassets */,
				DC118282223D73D100C46A31 /* LaunchScreen.storyboard */,
				DC118285223D73D100C46A31 /* Info.plist */,
				DC118286223D73D100C46A31 /* main.m */,
			);
			path = SmoothCorners;
			sourceTree = "<group>";
		};
/* End PBXGroup section */

/* Begin PBXNativeTarget section */
		DC118273223D73CE00C46A31 /* SmoothCorners */ = {
			isa = PBXNativeTarget;
			buildConfigurationList = DC11828A223D73D100C46A31 /* Build configuration list for PBXNativeTarget "SmoothCorners" */;
			buildPhases = (
				DC118270223D73CE00C46A31 /* Sources */,
				DC118271223D73CE00C46A31 /* Frameworks */,
				DC118272223D73CE00C46A31 /* Resources */,
			);
			buildRules = (
			);
			dependencies = (
			);
			name = SmoothCorners;
			productName = SmoothCorners;
			productReference = DC118274223D73CE00C46A31 /* SmoothCorners.app */;
			productType = "com.apple.product-type.application";
		};
/* End PBXNativeTarget section */

/* Begin PBXProject section */
		DC11826C223D73CD00C46A31 /* Project object */ = {
			isa = PBXProject;
			attributes = {
				LastUpgradeCheck = 1020;
				ORGANIZATIONNAME = "Felix Lapalme";
				TargetAttributes = {
					DC118273223D73CE00C46A31 = {
						CreatedOnToolsVersion = 10.2;
					};
				};
			};
			buildConfigurationList = DC11826F223D73CD00C46A31 /* Build configuration list for PBXProject "SmoothCorners" */;
			compatibilityVersion = "Xcode 9.3";
			developmentRegion = en;
			hasScannedForEncodings = 0;
			knownRegions = (
				en,
				Base,
			);
			mainGroup = DC11826B223D73CD00C46A31;
			productRefGroup = DC118275223D73CE00C46A31 /* Products */;
			projectDirPath = "";
			projectRoot = "";
			targets = (
				DC118273223D73CE00C46A31 /* SmoothCorners */,
			);
		};
/* End PBXProject section */

/* Begin PBXResourcesBuildPhase section */
		DC118272223D73CE00C46A31 /* Resources */ = {
			isa = PBXResourcesBuildPhase;
			buildActionMask = 2147483647;
			files = (
				DC118284223D73D100C46A31 /* LaunchScreen.storyboard in Resources */,
				DC118281223D73D100C46A31 /* Assets.xcassets in Resources */,
				DC11827F223D73CE00C46A31 /* Main.storyboard in Resources */,
			);
			runOnlyForDeploymentPostprocessing = 0;
		};
/* End PBXResourcesBuildPhase section */

/* Begin PBXSourcesBuildPhase section */
		DC118270223D73CE00C46A31 /* Sources */ = {
			isa = PBXSourcesBuildPhase;
			buildActionMask = 2147483647;
			files = (
				DC11827C223D73CE00C46A31 /* ViewController.m in Sources */,
				DC118287223D73D100C46A31 /* main.m in Sources */,
				DC118279223D73CE00C46A31 /* AppDelegate.m in Sources */,
				DC3F464C223F191400877556 /* UIView+SmoothCorners.m in Sources */,
				DC8F025C225058520040A8EF /* FLXSmoothView.m in Sources */,
			);
			runOnlyForDeploymentPostprocessing = 0;
		};
/* End PBXSourcesBuildPhase section */

/* Begin PBXVariantGroup section */
		DC11827D223D73CE00C46A31 /* Main.storyboard */ = {
			isa = PBXVariantGroup;
			children = (
				DC11827E223D73CE00C46A31 /* Base */,
			);
			name = Main.storyboard;
			sourceTree = "<group>";
		};
		DC118282223D73D100C46A31 /* LaunchScreen.storyboard */ = {
			isa = PBXVariantGroup;
			children = (
				DC118283223D73D100C46A31 /* Base */,
			);
			name = LaunchScreen.storyboard;
			sourceTree = "<group>";
		};
/* End PBXVariantGroup section */

/* Begin XCBuildConfiguration section */
		DC118288223D73D100C46A31 /* Debug */ = {
			isa = XCBuildConfiguration;
			buildSettings = {
				ALWAYS_SEARCH_USER_PATHS = NO;
				CLANG_ANALYZER_NONNULL = YES;
				CLANG_ANALYZER_NUMBER_OBJECT_CONVERSION = YES_AGGRESSIVE;
				CLANG_CXX_LANGUAGE_STANDARD = "gnu++14";
				CLANG_CXX_LIBRARY = "libc++";
				CLANG_ENABLE_MODULES = YES;
				CLANG_ENABLE_OBJC_ARC = YES;
				CLANG_ENABLE_OBJC_WEAK = YES;
				CLANG_WARN_BLOCK_CAPTURE_AUTORELEASING = YES;
				CLANG_WARN_BOOL_CONVERSION = YES;
				CLANG_WARN_COMMA = YES;
				CLANG_WARN_CONSTANT_CONVERSION = YES;
				CLANG_WARN_DEPRECATED_OBJC_IMPLEMENTATIONS = YES;
				CLANG_WARN_DIRECT_OBJC_ISA_USAGE = YES_ERROR;
				CLANG_WARN_DOCUMENTATION_COMMENTS = YES;
				CLANG_WARN_EMPTY_BODY = YES;
				CLANG_WARN_ENUM_CONVERSION = YES;
				CLANG_WARN_INFINITE_RECURSION = YES;
				CLANG_WARN_INT_CONVERSION = YES;
				CLANG_WARN_NON_LITERAL_NULL_CONVERSION = YES;
				CLANG_WARN_OBJC_IMPLICIT_RETAIN_SELF = YES;
				CLANG_WARN_OBJC_LITERAL_CONVERSION = YES;
				CLANG_WARN_OBJC_ROOT_CLASS = YES_ERROR;
				CLANG_WARN_RANGE_LOOP_ANALYSIS = YES;
				CLANG_WARN_STRICT_PROTOTYPES = YES;
				CLANG_WARN_SUSPICIOUS_MOVE = YES;
				CLANG_WARN_UNGUARDED_AVAILABILITY = YES_AGGRESSIVE;
				CLANG_WARN_UNREACHABLE_CODE = YES;
				CLANG_WARN__DUPLICATE_METHOD_MATCH = YES;
				CODE_SIGN_IDENTITY = "iPhone Developer";
				COPY_PHASE_STRIP = NO;
				DEBUG_INFORMATION_FORMAT = dwarf;
				ENABLE_STRICT_OBJC_MSGSEND = YES;
				ENABLE_TESTABILITY = YES;
				GCC_C_LANGUAGE_STANDARD = gnu11;
				GCC_DYNAMIC_NO_PIC = NO;
				GCC_NO_COMMON_BLOCKS = YES;
				GCC_OPTIMIZATION_LEVEL = 0;
				GCC_PREPROCESSOR_DEFINITIONS = (
					"DEBUG=1",
					"$(inherited)",
				);
				GCC_WARN_64_TO_32_BIT_CONVERSION = YES;
				GCC_WARN_ABOUT_RETURN_TYPE = YES_ERROR;
				GCC_WARN_UNDECLARED_SELECTOR = YES;
				GCC_WARN_UNINITIALIZED_AUTOS = YES_AGGRESSIVE;
				GCC_WARN_UNUSED_FUNCTION = YES;
				GCC_WARN_UNUSED_VARIABLE = YES;
				IPHONEOS_DEPLOYMENT_TARGET = 12.2;
				MTL_ENABLE_DEBUG_INFO = INCLUDE_SOURCE;
				MTL_FAST_MATH = YES;
				ONLY_ACTIVE_ARCH = YES;
				SDKROOT = iphoneos;
			};
			name = Debug;
		};
		DC118289223D73D100C46A31 /* Release */ = {
			isa = XCBuildConfiguration;
			buildSettings = {
				ALWAYS_SEARCH_USER_PATHS = NO;
				CLANG_ANALYZER_NONNULL = YES;
				CLANG_ANALYZER_NUMBER_OBJECT_CONVERSION = YES_AGGRESSIVE;
				CLANG_CXX_LANGUAGE_STANDARD = "gnu++14";
				CLANG_CXX_LIBRARY = "libc++";
				CLANG_ENABLE_MODULES = YES;
				CLANG_ENABLE_OBJC_ARC = YES;
				CLANG_ENABLE_OBJC_WEAK = YES;
				CLANG_WARN_BLOCK_CAPTURE_AUTORELEASING = YES;
				CLANG_WARN_BOOL_CONVERSION = YES;
				CLANG_WARN_COMMA = YES;
				CLANG_WARN_CONSTANT_CONVERSION = YES;
				CLANG_WARN_DEPRECATED_OBJC_IMPLEMENTATIONS = YES;
				CLANG_WARN_DIRECT_OBJC_ISA_USAGE = YES_ERROR;
				CLANG_WARN_DOCUMENTATION_COMMENTS = YES;
				CLANG_WARN_EMPTY_BODY = YES;
				CLANG_WARN_ENUM_CONVERSION = YES;
				CLANG_WARN_INFINITE_RECURSION = YES;
				CLANG_WARN_INT_CONVERSION = YES;
				CLANG_WARN_NON_LITERAL_NULL_CONVERSION = YES;
				CLANG_WARN_OBJC_IMPLICIT_RETAIN_SELF = YES;
				CLANG_WARN_OBJC_LITERAL_CONVERSION = YES;
				CLANG_WARN_OBJC_ROOT_CLASS = YES_ERROR;
				CLANG_WARN_RANGE_LOOP_ANALYSIS = YES;
				CLANG_WARN_STRICT_PROTOTYPES = YES;
				CLANG_WARN_SUSPICIOUS_MOVE = YES;
				CLANG_WARN_UNGUARDED_AVAILABILITY = YES_AGGRESSIVE;
				CLANG_WARN_UNREACHABLE_CODE = YES;
				CLANG_WARN__DUPLICATE_METHOD_MATCH = YES;
				CODE_SIGN_IDENTITY = "iPhone Developer";
				COPY_PHASE_STRIP = NO;
				DEBUG_INFORMATION_FORMAT = "dwarf-with-dsym";
				ENABLE_NS_ASSERTIONS = NO;
				ENABLE_STRICT_OBJC_MSGSEND = YES;
				GCC_C_LANGUAGE_STANDARD = gnu11;
				GCC_NO_COMMON_BLOCKS = YES;
				GCC_WARN_64_TO_32_BIT_CONVERSION = YES;
				GCC_WARN_ABOUT_RETURN_TYPE = YES_ERROR;
				GCC_WARN_UNDECLARED_SELECTOR = YES;
				GCC_WARN_UNINITIALIZED_AUTOS = YES_AGGRESSIVE;
				GCC_WARN_UNUSED_FUNCTION = YES;
				GCC_WARN_UNUSED_VARIABLE = YES;
				IPHONEOS_DEPLOYMENT_TARGET = 12.2;
				MTL_ENABLE_DEBUG_INFO = NO;
				MTL_FAST_MATH = YES;
				SDKROOT = iphoneos;
				VALIDATE_PRODUCT = YES;
			};
			name = Release;
		};
		DC11828B223D73D100C46A31 /* Debug */ = {
			isa = XCBuildConfiguration;
			buildSettings = {
				ASSETCATALOG_COMPILER_APPICON_NAME = AppIcon;
				CODE_SIGN_STYLE = Automatic;
				DEVELOPMENT_TEAM = DVKB9Z8TQ2;
				INFOPLIST_FILE = SmoothCorners/Info.plist;
				LD_RUNPATH_SEARCH_PATHS = (
					"$(inherited)",
					"@executable_path/Frameworks",
				);
				PRODUCT_BUNDLE_IDENTIFIER = com.lapfelix.SmoothCorners;
				PRODUCT_NAME = "$(TARGET_NAME)";
				TARGETED_DEVICE_FAMILY = "1,2";
			};
			name = Debug;
		};
		DC11828C223D73D100C46A31 /* Release */ = {
			isa = XCBuildConfiguration;
			buildSettings = {
				ASSETCATALOG_COMPILER_APPICON_NAME = AppIcon;
				CODE_SIGN_STYLE = Automatic;
				DEVELOPMENT_TEAM = DVKB9Z8TQ2;
				INFOPLIST_FILE = SmoothCorners/Info.plist;
				LD_RUNPATH_SEARCH_PATHS = (
					"$(inherited)",
					"@executable_path/Frameworks",
				);
				PRODUCT_BUNDLE_IDENTIFIER = com.lapfelix.SmoothCorners;
				PRODUCT_NAME = "$(TARGET_NAME)";
				TARGETED_DEVICE_FAMILY = "1,2";
			};
			name = Release;
		};
/* End XCBuildConfiguration section */

/* Begin XCConfigurationList section */
		DC11826F223D73CD00C46A31 /* Build configuration list for PBXProject "SmoothCorners" */ = {
			isa = XCConfigurationList;
			buildConfigurations = (
				DC118288223D73D100C46A31 /* Debug */,
				DC118289223D73D100C46A31 /* Release */,
			);
			defaultConfigurationIsVisible = 0;
			defaultConfigurationName = Release;
		};
		DC11828A223D73D100C46A31 /* Build configuration list for PBXNativeTarget "SmoothCorners" */ = {
			isa = XCConfigurationList;
			buildConfigurations = (
				DC11828B223D73D100C46A31 /* Debug */,
				DC11828C223D73D100C46A31 /* Release */,
			);
			defaultConfigurationIsVisible = 0;
			defaultConfigurationName = Release;
		};
/* End XCConfigurationList section */
	};
	rootObject = DC11826C223D73CD00C46A31 /* Project object */;
}
